# This file is automatically @generated by Cargo.
# It is not intended for manual editing.
version = 3

[[package]]
name = "arrayvec"
version = "0.6.0"
source = "registry+https://github.com/rust-lang/crates.io-index"
checksum = "682f88bd1270f264991da8922b89ee1fb520b0da73f97c9f73cda54980123017"

[[package]]
name = "autoparse"
version = "0.1.0"
dependencies = [
 "arrayvec",
]
