# This file is automatically @generated by Cargo.
# It is not intended for manual editing.
version = 3

[[package]]
name = "arrayvec"
version = "0.6.1"
source = "registry+https://github.com/rust-lang/crates.io-index"
checksum = "269d0f5e68353a7cab87f81e7c736adc008d279a36ebc6a05dfe01193a89f0c9"

[[package]]
name = "autoparse"
version = "0.1.0"
dependencies = [
 "arrayvec",
]

[[package]]
name = "autoparse-derive"
version = "0.1.0"
dependencies = [
 "autoparse",
 "proc-macro2",
 "quote",
 "syn",
]

[[package]]
name = "autoparse-general"
version = "0.1.0"
dependencies = [
 "autoparse",
 "autoparse-derive",
 "dede",
 "snailquote",
]

[[package]]
name = "dede"
version = "0.1.1"
source = "registry+https://github.com/rust-lang/crates.io-index"
checksum = "2616ab12625fc1a9385fa05174273dc0ede29a5634b3220387c96389b53dada1"
dependencies = [
 "proc-macro2",
 "quote",
 "syn",
]

[[package]]
name = "example-json"
version = "0.1.0"
dependencies = [
 "autoparse",
 "autoparse-derive",
 "autoparse-general",
]

[[package]]
name = "proc-macro2"
version = "1.0.26"
source = "registry+https://github.com/rust-lang/crates.io-index"
checksum = "a152013215dca273577e18d2bf00fa862b89b24169fb78c4c95aeb07992c9cec"
dependencies = [
 "unicode-xid",
]

[[package]]
name = "quote"
version = "1.0.9"
source = "registry+https://github.com/rust-lang/crates.io-index"
checksum = "c3d0b9745dc2debf507c8422de05d7226cc1f0644216dfdfead988f9b1ab32a7"
dependencies = [
 "proc-macro2",
]

[[package]]
name = "snailquote"
version = "0.3.0"
source = "registry+https://github.com/rust-lang/crates.io-index"
checksum = "f34b729d802f52194598858ac852c3fb3b33f6e026cd03195072ccb7bf3fc810"
dependencies = [
 "thiserror",
 "unicode_categories",
]

[[package]]
name = "syn"
version = "1.0.69"
source = "registry+https://github.com/rust-lang/crates.io-index"
checksum = "48fe99c6bd8b1cc636890bcc071842de909d902c81ac7dab53ba33c421ab8ffb"
dependencies = [
 "proc-macro2",
 "quote",
 "unicode-xid",
]

[[package]]
name = "thiserror"
version = "1.0.24"
source = "registry+https://github.com/rust-lang/crates.io-index"
checksum = "e0f4a65597094d4483ddaed134f409b2cb7c1beccf25201a9f73c719254fa98e"
dependencies = [
 "thiserror-impl",
]

[[package]]
name = "thiserror-impl"
version = "1.0.24"
source = "registry+https://github.com/rust-lang/crates.io-index"
checksum = "7765189610d8241a44529806d6fd1f2e0a08734313a35d5b3a556f92b381f3c0"
dependencies = [
 "proc-macro2",
 "quote",
 "syn",
]

[[package]]
name = "unicode-xid"
version = "0.2.1"
source = "registry+https://github.com/rust-lang/crates.io-index"
checksum = "f7fe0bb3479651439c9112f72b6c505038574c9fbb575ed1bf3b797fa39dd564"

[[package]]
name = "unicode_categories"
version = "0.1.1"
source = "registry+https://github.com/rust-lang/crates.io-index"
checksum = "39ec24b3121d976906ece63c9daad25b85969647682eee313cb5779fdd69e14e"
